# This file is automatically @generated by Cargo.
# It is not intended for manual editing.
version = 4

[[package]]
name = "bitfieldslib"
version = "1.0.0"
source = "registry+https://github.com/rust-lang/crates.io-index"
checksum = "b62bd04440712ea7658792b9bf33520bca70066163edb52ace1bbc9634acbc90"

[[package]]
name = "test-lib"
version = "0.1.0"
dependencies = [
 "bitfieldslib",
]
